
Microsoft Visual Studio Solution File, Format Version 12.00
# Visual Studio 15
VisualStudioVersion = 15.0.26430.14
MinimumVisualStudioVersion = 10.0.40219.1
Project("{FAE04EC0-301F-11D3-BF4B-00C04F79EFBC}") = "gifer", "gifer\gifer.csproj", "{0BD07D55-2E36-4FE5-A6C3-520FAA1E1835}"
EndProject
Project("{FAE04EC0-301F-11D3-BF4B-00C04F79EFBC}") = "gifer.MSI", "gifer.MSI\gifer.MSI.csproj", "{96DFBA92-AE7D-4016-BE7A-DF448E650E0B}"
EndProject
Global
	GlobalSection(SolutionConfigurationPlatforms) = preSolution
		Debug|Any CPU = Debug|Any CPU
		Debug|x64 = Debug|x64
		Debug|x86 = Debug|x86
		Release|Any CPU = Release|Any CPU
		Release|x64 = Release|x64
		Release|x86 = Release|x86
	EndGlobalSection
	GlobalSection(ProjectConfigurationPlatforms) = postSolution
		{0BD07D55-2E36-4FE5-A6C3-520FAA1E1835}.Debug|Any CPU.ActiveCfg = Debug|Any CPU
		{0BD07D55-2E36-4FE5-A6C3-520FAA1E1835}.Debug|Any CPU.Build.0 = Debug|Any CPU
		{0BD07D55-2E36-4FE5-A6C3-520FAA1E1835}.Debug|x64.ActiveCfg = Debug|Any CPU
		{0BD07D55-2E36-4FE5-A6C3-520FAA1E1835}.Debug|x64.Build.0 = Debug|Any CPU
		{0BD07D55-2E36-4FE5-A6C3-520FAA1E1835}.Debug|x86.ActiveCfg = Debug|Any CPU
		{0BD07D55-2E36-4FE5-A6C3-520FAA1E1835}.Debug|x86.Build.0 = Debug|Any CPU
		{0BD07D55-2E36-4FE5-A6C3-520FAA1E1835}.Release|Any CPU.ActiveCfg = Release|Any CPU
		{0BD07D55-2E36-4FE5-A6C3-520FAA1E1835}.Release|Any CPU.Build.0 = Release|Any CPU
		{0BD07D55-2E36-4FE5-A6C3-520FAA1E1835}.Release|x64.ActiveCfg = Release|Any CPU
		{0BD07D55-2E36-4FE5-A6C3-520FAA1E1835}.Release|x64.Build.0 = Release|Any CPU
		{0BD07D55-2E36-4FE5-A6C3-520FAA1E1835}.Release|x86.ActiveCfg = Release|Any CPU
		{0BD07D55-2E36-4FE5-A6C3-520FAA1E1835}.Release|x86.Build.0 = Release|Any CPU
		{96DFBA92-AE7D-4016-BE7A-DF448E650E0B}.Debug|Any CPU.ActiveCfg = Debug|Any CPU
		{96DFBA92-AE7D-4016-BE7A-DF448E650E0B}.Debug|Any CPU.Build.0 = Debug|Any CPU
		{96DFBA92-AE7D-4016-BE7A-DF448E650E0B}.Debug|x64.ActiveCfg = Debug|Any CPU
		{96DFBA92-AE7D-4016-BE7A-DF448E650E0B}.Debug|x64.Build.0 = Debug|Any CPU
		{96DFBA92-AE7D-4016-BE7A-DF448E650E0B}.Debug|x86.ActiveCfg = Debug|Any CPU
		{96DFBA92-AE7D-4016-BE7A-DF448E650E0B}.Debug|x86.Build.0 = Debug|Any CPU
		{96DFBA92-AE7D-4016-BE7A-DF448E650E0B}.Release|Any CPU.ActiveCfg = Release|Any CPU
		{96DFBA92-AE7D-4016-BE7A-DF448E650E0B}.Release|Any CPU.Build.0 = Release|Any CPU
		{96DFBA92-AE7D-4016-BE7A-DF448E650E0B}.Release|x64.ActiveCfg = Release|Any CPU
		{96DFBA92-AE7D-4016-BE7A-DF448E650E0B}.Release|x64.Build.0 = Release|Any CPU
		{96DFBA92-AE7D-4016-BE7A-DF448E650E0B}.Release|x86.ActiveCfg = Release|Any CPU
		{96DFBA92-AE7D-4016-BE7A-DF448E650E0B}.Release|x86.Build.0 = Release|Any CPU
	EndGlobalSection
	GlobalSection(SolutionProperties) = preSolution
		HideSolutionNode = FALSE
	EndGlobalSection
	GlobalSection(ExtensibilityGlobals) = postSolution
		SolutionGuid = {4B0578A8-0357-48BE-AC80-32D432C89B5A}
	EndGlobalSection
EndGlobal
